
Microsoft Visual Studio Solution File, Format Version 12.00
# Visual Studio Version 16
VisualStudioVersion = 16.0.31402.337
MinimumVisualStudioVersion = 10.0.40219.1
Project("{9A19103F-16F7-4668-BE54-9A1E7A4F7556}") = "Week4Challenge", "Week4Challenge.csproj", "{17471C6E-8CE5-4A15-8F3F-CDF1A4DD6907}"
EndProject
Global
	GlobalSection(SolutionConfigurationPlatforms) = preSolution
		Debug|Any CPU = Debug|Any CPU
		Release|Any CPU = Release|Any CPU
	EndGlobalSection
	GlobalSection(ProjectConfigurationPlatforms) = postSolution
		{17471C6E-8CE5-4A15-8F3F-CDF1A4DD6907}.Debug|Any CPU.ActiveCfg = Debug|Any CPU
		{17471C6E-8CE5-4A15-8F3F-CDF1A4DD6907}.Debug|Any CPU.Build.0 = Debug|Any CPU
		{17471C6E-8CE5-4A15-8F3F-CDF1A4DD6907}.Release|Any CPU.ActiveCfg = Release|Any CPU
		{17471C6E-8CE5-4A15-8F3F-CDF1A4DD6907}.Release|Any CPU.Build.0 = Release|Any CPU
	EndGlobalSection
	GlobalSection(SolutionProperties) = preSolution
		HideSolutionNode = FALSE
	EndGlobalSection
	GlobalSection(ExtensibilityGlobals) = postSolution
		SolutionGuid = {1C8BF8E5-5CE0-4645-BE65-BB6D5366CA85}
	EndGlobalSection
EndGlobal
